
Microsoft Visual Studio Solution File, Format Version 12.00
# Visual Studio Version 16
VisualStudioVersion = 16.0.29920.165
MinimumVisualStudioVersion = 10.0.40219.1
Project("{FAE04EC0-301F-11D3-BF4B-00C04F79EFBC}") = "PeopleApp", "PeopleApp.csproj", "{6A27941A-81E0-49A7-96A5-02D2AF81F451}"
EndProject
Global
	GlobalSection(SolutionConfigurationPlatforms) = preSolution
		Debug|Any CPU = Debug|Any CPU
		Release|Any CPU = Release|Any CPU
	EndGlobalSection
	GlobalSection(ProjectConfigurationPlatforms) = postSolution
		{6A27941A-81E0-49A7-96A5-02D2AF81F451}.Debug|Any CPU.ActiveCfg = Debug|Any CPU
		{6A27941A-81E0-49A7-96A5-02D2AF81F451}.Debug|Any CPU.Build.0 = Debug|Any CPU
		{6A27941A-81E0-49A7-96A5-02D2AF81F451}.Release|Any CPU.ActiveCfg = Release|Any CPU
		{6A27941A-81E0-49A7-96A5-02D2AF81F451}.Release|Any CPU.Build.0 = Release|Any CPU
	EndGlobalSection
	GlobalSection(SolutionProperties) = preSolution
		HideSolutionNode = FALSE
	EndGlobalSection
	GlobalSection(ExtensibilityGlobals) = postSolution
		SolutionGuid = {453767E4-04E2-40C4-A962-F3D9C864DB27}
	EndGlobalSection
EndGlobal
