
Microsoft Visual Studio Solution File, Format Version 12.00
# Visual Studio Version 16
VisualStudioVersion = 16.0.29920.165
MinimumVisualStudioVersion = 10.0.40219.1
Project("{FAE04EC0-301F-11D3-BF4B-00C04F79EFBC}") = "FavColorNumber", "FavColorNumber.csproj", "{1BA57A1C-2511-4405-85E0-80BB7AA599EA}"
EndProject
Global
	GlobalSection(SolutionConfigurationPlatforms) = preSolution
		Debug|Any CPU = Debug|Any CPU
		Release|Any CPU = Release|Any CPU
	EndGlobalSection
	GlobalSection(ProjectConfigurationPlatforms) = postSolution
		{1BA57A1C-2511-4405-85E0-80BB7AA599EA}.Debug|Any CPU.ActiveCfg = Debug|Any CPU
		{1BA57A1C-2511-4405-85E0-80BB7AA599EA}.Debug|Any CPU.Build.0 = Debug|Any CPU
		{1BA57A1C-2511-4405-85E0-80BB7AA599EA}.Release|Any CPU.ActiveCfg = Release|Any CPU
		{1BA57A1C-2511-4405-85E0-80BB7AA599EA}.Release|Any CPU.Build.0 = Release|Any CPU
	EndGlobalSection
	GlobalSection(SolutionProperties) = preSolution
		HideSolutionNode = FALSE
	EndGlobalSection
	GlobalSection(ExtensibilityGlobals) = postSolution
		SolutionGuid = {843292D6-BAB2-4F1D-B71F-82E9671A86A1}
	EndGlobalSection
EndGlobal
