
Microsoft Visual Studio Solution File, Format Version 12.00
# Visual Studio Version 16
VisualStudioVersion = 16.0.30523.141
MinimumVisualStudioVersion = 10.0.40219.1
Project("{FAE04EC0-301F-11D3-BF4B-00C04F79EFBC}") = "NumberSortV3", "NumberSortV3.csproj", "{F64CB784-439D-41B0-8363-F92192283FAB}"
EndProject
Global
	GlobalSection(SolutionConfigurationPlatforms) = preSolution
		Debug|Any CPU = Debug|Any CPU
		Release|Any CPU = Release|Any CPU
	EndGlobalSection
	GlobalSection(ProjectConfigurationPlatforms) = postSolution
		{F64CB784-439D-41B0-8363-F92192283FAB}.Debug|Any CPU.ActiveCfg = Debug|Any CPU
		{F64CB784-439D-41B0-8363-F92192283FAB}.Debug|Any CPU.Build.0 = Debug|Any CPU
		{F64CB784-439D-41B0-8363-F92192283FAB}.Release|Any CPU.ActiveCfg = Release|Any CPU
		{F64CB784-439D-41B0-8363-F92192283FAB}.Release|Any CPU.Build.0 = Release|Any CPU
	EndGlobalSection
	GlobalSection(SolutionProperties) = preSolution
		HideSolutionNode = FALSE
	EndGlobalSection
	GlobalSection(ExtensibilityGlobals) = postSolution
		SolutionGuid = {7D2C9706-BA47-4111-AC41-673D63EB78F1}
	EndGlobalSection
EndGlobal
