
Microsoft Visual Studio Solution File, Format Version 12.00
# Visual Studio Version 16
VisualStudioVersion = 16.0.30523.141
MinimumVisualStudioVersion = 10.0.40219.1
Project("{FAE04EC0-301F-11D3-BF4B-00C04F79EFBC}") = "Factorial", "Factorial.csproj", "{D7D23857-4462-403C-B67E-898831D2DBA1}"
EndProject
Global
	GlobalSection(SolutionConfigurationPlatforms) = preSolution
		Debug|Any CPU = Debug|Any CPU
		Release|Any CPU = Release|Any CPU
	EndGlobalSection
	GlobalSection(ProjectConfigurationPlatforms) = postSolution
		{D7D23857-4462-403C-B67E-898831D2DBA1}.Debug|Any CPU.ActiveCfg = Debug|Any CPU
		{D7D23857-4462-403C-B67E-898831D2DBA1}.Debug|Any CPU.Build.0 = Debug|Any CPU
		{D7D23857-4462-403C-B67E-898831D2DBA1}.Release|Any CPU.ActiveCfg = Release|Any CPU
		{D7D23857-4462-403C-B67E-898831D2DBA1}.Release|Any CPU.Build.0 = Release|Any CPU
	EndGlobalSection
	GlobalSection(SolutionProperties) = preSolution
		HideSolutionNode = FALSE
	EndGlobalSection
	GlobalSection(ExtensibilityGlobals) = postSolution
		SolutionGuid = {4FC89944-2A55-4E56-A18F-79A4613E5370}
	EndGlobalSection
EndGlobal
